
Microsoft Visual Studio Solution File, Format Version 12.00
# Visual Studio Version 16
VisualStudioVersion = 16.0.29409.12
MinimumVisualStudioVersion = 10.0.40219.1
Project("{FAE04EC0-301F-11D3-BF4B-00C04F79EFBC}") = "Exercise2", "Exercise2.csproj", "{13D4622E-7C94-4E98-943C-053A31415926}"
EndProject
Project("{FAE04EC0-301F-11D3-BF4B-00C04F79EFBC}") = "HotelApp", "HotelApp\HotelApp.csproj", "{DA08AE8B-125C-4174-895D-0D60602FA512}"
EndProject
Project("{FAE04EC0-301F-11D3-BF4B-00C04F79EFBC}") = "PizzaApp", "PizzaApp\PizzaApp.csproj", "{E300418A-68E2-41AA-855C-8C66D4EAC34D}"
EndProject
Global
	GlobalSection(SolutionConfigurationPlatforms) = preSolution
		Debug|Any CPU = Debug|Any CPU
		Release|Any CPU = Release|Any CPU
	EndGlobalSection
	GlobalSection(ProjectConfigurationPlatforms) = postSolution
		{13D4622E-7C94-4E98-943C-053A31415926}.Debug|Any CPU.ActiveCfg = Debug|Any CPU
		{13D4622E-7C94-4E98-943C-053A31415926}.Debug|Any CPU.Build.0 = Debug|Any CPU
		{13D4622E-7C94-4E98-943C-053A31415926}.Release|Any CPU.ActiveCfg = Release|Any CPU
		{13D4622E-7C94-4E98-943C-053A31415926}.Release|Any CPU.Build.0 = Release|Any CPU
		{DA08AE8B-125C-4174-895D-0D60602FA512}.Debug|Any CPU.ActiveCfg = Debug|Any CPU
		{DA08AE8B-125C-4174-895D-0D60602FA512}.Debug|Any CPU.Build.0 = Debug|Any CPU
		{DA08AE8B-125C-4174-895D-0D60602FA512}.Release|Any CPU.ActiveCfg = Release|Any CPU
		{DA08AE8B-125C-4174-895D-0D60602FA512}.Release|Any CPU.Build.0 = Release|Any CPU
		{E300418A-68E2-41AA-855C-8C66D4EAC34D}.Debug|Any CPU.ActiveCfg = Debug|Any CPU
		{E300418A-68E2-41AA-855C-8C66D4EAC34D}.Debug|Any CPU.Build.0 = Debug|Any CPU
		{E300418A-68E2-41AA-855C-8C66D4EAC34D}.Release|Any CPU.ActiveCfg = Release|Any CPU
		{E300418A-68E2-41AA-855C-8C66D4EAC34D}.Release|Any CPU.Build.0 = Release|Any CPU
	EndGlobalSection
	GlobalSection(SolutionProperties) = preSolution
		HideSolutionNode = FALSE
	EndGlobalSection
	GlobalSection(ExtensibilityGlobals) = postSolution
		SolutionGuid = {42E30C40-5D05-4FCD-BDEE-25A22299E5DF}
	EndGlobalSection
EndGlobal
